
Microsoft Visual Studio Solution File, Format Version 12.00
# Visual Studio 15
VisualStudioVersion = 15.0.26403.7
MinimumVisualStudioVersion = 10.0.40219.1
Project("{FAE04EC0-301F-11D3-BF4B-00C04F79EFBC}") = "JKTest", "JKTest\JKTest.csproj", "{7E79E1FE-D545-46D7-9593-56D53105C945}"
EndProject
Project("{FAE04EC0-301F-11D3-BF4B-00C04F79EFBC}") = "JKTest.Tests", "JKTest.Tests\JKTest.Tests.csproj", "{54B07315-47ED-4D9B-B5ED-3740D9872634}"
EndProject
Global
	GlobalSection(SolutionConfigurationPlatforms) = preSolution
		Debug|Any CPU = Debug|Any CPU
		Release|Any CPU = Release|Any CPU
	EndGlobalSection
	GlobalSection(ProjectConfigurationPlatforms) = postSolution
		{7E79E1FE-D545-46D7-9593-56D53105C945}.Debug|Any CPU.ActiveCfg = Debug|Any CPU
		{7E79E1FE-D545-46D7-9593-56D53105C945}.Debug|Any CPU.Build.0 = Debug|Any CPU
		{7E79E1FE-D545-46D7-9593-56D53105C945}.Release|Any CPU.ActiveCfg = Release|Any CPU
		{7E79E1FE-D545-46D7-9593-56D53105C945}.Release|Any CPU.Build.0 = Release|Any CPU
		{54B07315-47ED-4D9B-B5ED-3740D9872634}.Debug|Any CPU.ActiveCfg = Debug|Any CPU
		{54B07315-47ED-4D9B-B5ED-3740D9872634}.Debug|Any CPU.Build.0 = Debug|Any CPU
		{54B07315-47ED-4D9B-B5ED-3740D9872634}.Release|Any CPU.ActiveCfg = Release|Any CPU
		{54B07315-47ED-4D9B-B5ED-3740D9872634}.Release|Any CPU.Build.0 = Release|Any CPU
	EndGlobalSection
	GlobalSection(SolutionProperties) = preSolution
		HideSolutionNode = FALSE
	EndGlobalSection
EndGlobal
